{
  "version": 4,
  "terraform_version": "1.9.3",
  "serial": 1,
  "lineage": "c1f3d371-ea3c-43a3-b453-c5f02eac1ab9",
  "outputs": {},
  "resources": [
    {
      "mode": "managed",
      "type": "spotify_playlist",
      "name": "Fvorite",
      "provider": "provider[\"registry.terraform.io/conradludgate/spotify\"]",
      "instances": [
        {
          "schema_version": 0,
          "attributes": {
            "description": null,
            "id": "6uaH1zt5mA1lYPtXqpw48k",
            "name": "favorite",
            "public": true,
            "snapshot_id": "AAAAAiBtepU6WikHzhX1WILsyZ2pOsgq",
            "tracks": [
              "1Dfa2akEVc3sh6HhAxlZmE"
            ]
          },
          "sensitive_attributes": [],
          "private": "bnVsbA=="
        }
      ]
    }
  ],
  "check_results": null
}
